
Microsoft Visual Studio Solution File, Format Version 12.00
# Visual Studio Version 16
VisualStudioVersion = 16.0.29806.167
MinimumVisualStudioVersion = 10.0.40219.1
Project("{2150E333-8FDC-42A3-9474-1A3956D46DE8}") = "Solution Items", "Solution Items", "{31E96766-39CC-4CF7-B5CB-442F01A3A524}"
	ProjectSection(SolutionItems) = preProject
		.EDITORCONFIG = .EDITORCONFIG
		build\build.props = build\build.props
		LICENSE = LICENSE
		build\package.props = build\package.props
		README.md = README.md
	EndProjectSection
EndProject
Project("{9A19103F-16F7-4668-BE54-9A1E7A4F7556}") = "ActiveOptions", "src\ActiveOptions\ActiveOptions.csproj", "{897D71E3-936B-4022-AF8B-B956F5921A7D}"
EndProject
Project("{9A19103F-16F7-4668-BE54-9A1E7A4F7556}") = "ActiveOptions.Tests", "test\ActiveOptions.Tests\ActiveOptions.Tests.csproj", "{6EE7DB26-CE51-4B56-A554-18D793D1F3A2}"
EndProject
Project("{9A19103F-16F7-4668-BE54-9A1E7A4F7556}") = "ActiveOptions.Api", "src\ActiveOptions.Api\ActiveOptions.Api.csproj", "{0566B251-857A-426C-92EC-60CBBF86E8B7}"
EndProject
Project("{9A19103F-16F7-4668-BE54-9A1E7A4F7556}") = "ActiveOptions.Azure.Cosmos", "src\ActiveOptions.Azure.Cosmos\ActiveOptions.Azure.Cosmos.csproj", "{28FD8657-BCFC-484D-8368-AEB073B82D5F}"
EndProject
Project("{9A19103F-16F7-4668-BE54-9A1E7A4F7556}") = "ActiveOptions.Sqlite", "src\ActiveOptions.Sqlite\ActiveOptions.Sqlite.csproj", "{2622A5CA-1364-4BA5-ABD3-59C9D35029D0}"
EndProject
Project("{9A19103F-16F7-4668-BE54-9A1E7A4F7556}") = "TestKitchen", "..\TestKitchen\src\TestKitchen\TestKitchen.csproj", "{F6411CEF-2F81-423D-B3D6-C4FC7A3B5872}"
EndProject
Project("{9A19103F-16F7-4668-BE54-9A1E7A4F7556}") = "TestKitchen.TestAdapter", "..\TestKitchen\src\TestKitchen.TestAdapter\TestKitchen.TestAdapter.csproj", "{20A53B99-A5FC-44BF-BEEC-8A7AAC775825}"
EndProject
Project("{FAE04EC0-301F-11D3-BF4B-00C04F79EFBC}") = "Demo", "test\Demo\Demo.csproj", "{97482656-5CA8-4B62-ADAB-EAC7214EFFE4}"
EndProject
Global
	GlobalSection(SolutionConfigurationPlatforms) = preSolution
		Debug|Any CPU = Debug|Any CPU
		Package|Any CPU = Package|Any CPU
		Release|Any CPU = Release|Any CPU
	EndGlobalSection
	GlobalSection(ProjectConfigurationPlatforms) = postSolution
		{897D71E3-936B-4022-AF8B-B956F5921A7D}.Debug|Any CPU.ActiveCfg = Debug|Any CPU
		{897D71E3-936B-4022-AF8B-B956F5921A7D}.Debug|Any CPU.Build.0 = Debug|Any CPU
		{897D71E3-936B-4022-AF8B-B956F5921A7D}.Package|Any CPU.ActiveCfg = Package|Any CPU
		{897D71E3-936B-4022-AF8B-B956F5921A7D}.Package|Any CPU.Build.0 = Package|Any CPU
		{897D71E3-936B-4022-AF8B-B956F5921A7D}.Release|Any CPU.ActiveCfg = Release|Any CPU
		{897D71E3-936B-4022-AF8B-B956F5921A7D}.Release|Any CPU.Build.0 = Release|Any CPU
		{6EE7DB26-CE51-4B56-A554-18D793D1F3A2}.Debug|Any CPU.ActiveCfg = Debug|Any CPU
		{6EE7DB26-CE51-4B56-A554-18D793D1F3A2}.Debug|Any CPU.Build.0 = Debug|Any CPU
		{6EE7DB26-CE51-4B56-A554-18D793D1F3A2}.Package|Any CPU.ActiveCfg = Release|Any CPU
		{6EE7DB26-CE51-4B56-A554-18D793D1F3A2}.Package|Any CPU.Build.0 = Release|Any CPU
		{6EE7DB26-CE51-4B56-A554-18D793D1F3A2}.Release|Any CPU.ActiveCfg = Release|Any CPU
		{6EE7DB26-CE51-4B56-A554-18D793D1F3A2}.Release|Any CPU.Build.0 = Release|Any CPU
		{0566B251-857A-426C-92EC-60CBBF86E8B7}.Debug|Any CPU.ActiveCfg = Debug|Any CPU
		{0566B251-857A-426C-92EC-60CBBF86E8B7}.Debug|Any CPU.Build.0 = Debug|Any CPU
		{0566B251-857A-426C-92EC-60CBBF86E8B7}.Package|Any CPU.ActiveCfg = Package|Any CPU
		{0566B251-857A-426C-92EC-60CBBF86E8B7}.Package|Any CPU.Build.0 = Package|Any CPU
		{0566B251-857A-426C-92EC-60CBBF86E8B7}.Release|Any CPU.ActiveCfg = Release|Any CPU
		{0566B251-857A-426C-92EC-60CBBF86E8B7}.Release|Any CPU.Build.0 = Release|Any CPU
		{28FD8657-BCFC-484D-8368-AEB073B82D5F}.Debug|Any CPU.ActiveCfg = Debug|Any CPU
		{28FD8657-BCFC-484D-8368-AEB073B82D5F}.Debug|Any CPU.Build.0 = Debug|Any CPU
		{28FD8657-BCFC-484D-8368-AEB073B82D5F}.Package|Any CPU.ActiveCfg = Package|Any CPU
		{28FD8657-BCFC-484D-8368-AEB073B82D5F}.Package|Any CPU.Build.0 = Package|Any CPU
		{28FD8657-BCFC-484D-8368-AEB073B82D5F}.Release|Any CPU.ActiveCfg = Release|Any CPU
		{28FD8657-BCFC-484D-8368-AEB073B82D5F}.Release|Any CPU.Build.0 = Release|Any CPU
		{2622A5CA-1364-4BA5-ABD3-59C9D35029D0}.Debug|Any CPU.ActiveCfg = Debug|Any CPU
		{2622A5CA-1364-4BA5-ABD3-59C9D35029D0}.Debug|Any CPU.Build.0 = Debug|Any CPU
		{2622A5CA-1364-4BA5-ABD3-59C9D35029D0}.Package|Any CPU.ActiveCfg = Package|Any CPU
		{2622A5CA-1364-4BA5-ABD3-59C9D35029D0}.Package|Any CPU.Build.0 = Package|Any CPU
		{2622A5CA-1364-4BA5-ABD3-59C9D35029D0}.Release|Any CPU.ActiveCfg = Release|Any CPU
		{2622A5CA-1364-4BA5-ABD3-59C9D35029D0}.Release|Any CPU.Build.0 = Release|Any CPU
		{F6411CEF-2F81-423D-B3D6-C4FC7A3B5872}.Debug|Any CPU.ActiveCfg = Debug|Any CPU
		{F6411CEF-2F81-423D-B3D6-C4FC7A3B5872}.Debug|Any CPU.Build.0 = Debug|Any CPU
		{F6411CEF-2F81-423D-B3D6-C4FC7A3B5872}.Package|Any CPU.ActiveCfg = Release|Any CPU
		{F6411CEF-2F81-423D-B3D6-C4FC7A3B5872}.Package|Any CPU.Build.0 = Release|Any CPU
		{F6411CEF-2F81-423D-B3D6-C4FC7A3B5872}.Release|Any CPU.ActiveCfg = Release|Any CPU
		{F6411CEF-2F81-423D-B3D6-C4FC7A3B5872}.Release|Any CPU.Build.0 = Release|Any CPU
		{20A53B99-A5FC-44BF-BEEC-8A7AAC775825}.Debug|Any CPU.ActiveCfg = Debug|Any CPU
		{20A53B99-A5FC-44BF-BEEC-8A7AAC775825}.Debug|Any CPU.Build.0 = Debug|Any CPU
		{20A53B99-A5FC-44BF-BEEC-8A7AAC775825}.Package|Any CPU.ActiveCfg = Release|Any CPU
		{20A53B99-A5FC-44BF-BEEC-8A7AAC775825}.Package|Any CPU.Build.0 = Release|Any CPU
		{20A53B99-A5FC-44BF-BEEC-8A7AAC775825}.Release|Any CPU.ActiveCfg = Release|Any CPU
		{20A53B99-A5FC-44BF-BEEC-8A7AAC775825}.Release|Any CPU.Build.0 = Release|Any CPU
		{97482656-5CA8-4B62-ADAB-EAC7214EFFE4}.Debug|Any CPU.ActiveCfg = Debug|Any CPU
		{97482656-5CA8-4B62-ADAB-EAC7214EFFE4}.Debug|Any CPU.Build.0 = Debug|Any CPU
		{97482656-5CA8-4B62-ADAB-EAC7214EFFE4}.Package|Any CPU.ActiveCfg = Release|Any CPU
		{97482656-5CA8-4B62-ADAB-EAC7214EFFE4}.Package|Any CPU.Build.0 = Release|Any CPU
		{97482656-5CA8-4B62-ADAB-EAC7214EFFE4}.Release|Any CPU.ActiveCfg = Release|Any CPU
		{97482656-5CA8-4B62-ADAB-EAC7214EFFE4}.Release|Any CPU.Build.0 = Release|Any CPU
	EndGlobalSection
	GlobalSection(SolutionProperties) = preSolution
		HideSolutionNode = FALSE
	EndGlobalSection
	GlobalSection(ExtensibilityGlobals) = postSolution
		SolutionGuid = {14CF596F-985E-49E4-A0FE-50FA0D1FF4D9}
	EndGlobalSection
EndGlobal
